
Microsoft Visual Studio Solution File, Format Version 12.00
# Visual Studio Version 16
VisualStudioVersion = 16.0.30523.141
MinimumVisualStudioVersion = 10.0.40219.1
Project("{8BC9CEB8-8B4A-11D0-8D11-00A0C91BC942}") = "text_rpg_project", "text_rpg_project\text_rpg_project.vcxproj", "{08EBACC5-BF36-4FDF-B121-F286F1549D47}"
EndProject
Global
	GlobalSection(SolutionConfigurationPlatforms) = preSolution
		Debug|x64 = Debug|x64
		Release|x64 = Release|x64
	EndGlobalSection
	GlobalSection(ProjectConfigurationPlatforms) = postSolution
		{08EBACC5-BF36-4FDF-B121-F286F1549D47}.Debug|x64.ActiveCfg = Debug|x64
		{08EBACC5-BF36-4FDF-B121-F286F1549D47}.Debug|x64.Build.0 = Debug|x64
		{08EBACC5-BF36-4FDF-B121-F286F1549D47}.Release|x64.ActiveCfg = Release|x64
		{08EBACC5-BF36-4FDF-B121-F286F1549D47}.Release|x64.Build.0 = Release|x64
	EndGlobalSection
	GlobalSection(SolutionProperties) = preSolution
		HideSolutionNode = FALSE
	EndGlobalSection
	GlobalSection(ExtensibilityGlobals) = postSolution
		Qt5Version = Qt 5.15.1
		SolutionGuid = {8EF10D79-1F9C-45AF-9743-33AFA277B466}
	EndGlobalSection
EndGlobal
